[cli]
url = "https://github.com/WebAssembly/wasi-cli/archive/main.tar.gz"
sha256 = "1bd33a5d8244e91bb8108bf692821dfb4a08b244eea383751657baf4a3dd52f7"
sha512 = "54e206c492059331782d7ef07cda036c7b6d74fd5852748f7573c5bcd0787c5fd0c43dd39680ad3c383df0dd16e945e8e1ea15af515d5523d75b82a2fd2b0733"

[clocks]
url = "https://github.com/WebAssembly/wasi-clocks/archive/main.tar.gz"
sha256 = "ea955af7a152f85941b651c5b07345c4f077ae7f9e996c909ab8cc0a68c0120e"
sha512 = "114bc4f583a487cf1ccfdd6efa25c4c60cf637d4501a189eebd4b1d52aec2c8eb63ae14ce494db53dfd25bc20f6c4b533dc6f2143537e5cd14ca80d5d4b6a49d"

[filesystem]
url = "https://github.com/WebAssembly/wasi-filesystem/archive/main.tar.gz"
sha256 = "f8602f2929fe149b0e2e904fe53b98e3a0ba0a42089253c9a738caf9ccb06c1d"
sha512 = "53f3d7c494ea6ad0687f91994f3af8c5f55bdddeb14cc47b30ff263cdb1ee6c7893ad425d1dc75a8da72d9bb5f82a46fcd566e0c2463fda102a22529e2d83f19"

[io]
url = "https://github.com/WebAssembly/wasi-io/archive/main.tar.gz"
sha256 = "a00c29dd57dc224e8ce28b793b19c1b1001dcdbdc229ed451c3df1db91841b34"
sha512 = "8558085eeb5689209101cdfbc9782953d559ad14ce77260fe2f7cc472482d568f65cad9e6a688d40c634c6c54c608f27e27e481633446114d6fdead93d4e34c5"

[random]
url = "https://github.com/WebAssembly/wasi-random/archive/main.tar.gz"
sha256 = "2f718c9909fcc95dc8d7f9fc3a17a30d7da715eaa9fa70af3c89f0f9439abc8a"
sha512 = "7580d79d0f01d4fb65ff85f76d52d420fdbc7406959a34c2b1cad4398dc34d2610f8b6b4e22bcea9db2f3d70242d356e961d843bfc4d2c4956c4f5e5ca3811f9"

[sockets]
url = "https://github.com/WebAssembly/wasi-sockets/archive/main.tar.gz"
sha256 = "85b872b5af12d3010c20a5f4bf6d334a09c1a42ef7f7703c2949c0598ed8ebee"
sha512 = "238bbeea140eba0774cf5ce5abfdc93f03617a2fc30b497e104cc6a23fdf7bd496c61d3c962ca6718255ea5c96a9277bddae1fc4a6b6f7544de2be2649752eac"
